
Microsoft Visual Studio Solution File, Format Version 12.00
# Visual Studio Version 16
VisualStudioVersion = 16.0.31019.35
MinimumVisualStudioVersion = 10.0.40219.1
Project("{8BC9CEB8-8B4A-11D0-8D11-00A0C91BC942}") = "MiniWorldServer", "MiniWorldServer\MiniWorldServer.vcxproj", "{CF2290EE-45B3-49DC-98D3-0C47CAD9E152}"
EndProject
Global
	GlobalSection(SolutionConfigurationPlatforms) = preSolution
		Debug|x64 = Debug|x64
		Debug|x86 = Debug|x86
		Release|x64 = Release|x64
		Release|x86 = Release|x86
	EndGlobalSection
	GlobalSection(ProjectConfigurationPlatforms) = postSolution
		{CF2290EE-45B3-49DC-98D3-0C47CAD9E152}.Debug|x64.ActiveCfg = Debug|x64
		{CF2290EE-45B3-49DC-98D3-0C47CAD9E152}.Debug|x64.Build.0 = Debug|x64
		{CF2290EE-45B3-49DC-98D3-0C47CAD9E152}.Debug|x86.ActiveCfg = Debug|Win32
		{CF2290EE-45B3-49DC-98D3-0C47CAD9E152}.Debug|x86.Build.0 = Debug|Win32
		{CF2290EE-45B3-49DC-98D3-0C47CAD9E152}.Release|x64.ActiveCfg = Release|x64
		{CF2290EE-45B3-49DC-98D3-0C47CAD9E152}.Release|x64.Build.0 = Release|x64
		{CF2290EE-45B3-49DC-98D3-0C47CAD9E152}.Release|x86.ActiveCfg = Release|Win32
		{CF2290EE-45B3-49DC-98D3-0C47CAD9E152}.Release|x86.Build.0 = Release|Win32
	EndGlobalSection
	GlobalSection(SolutionProperties) = preSolution
		HideSolutionNode = FALSE
	EndGlobalSection
	GlobalSection(ExtensibilityGlobals) = postSolution
		SolutionGuid = {57243B4D-91D3-447C-81CB-C982AE2122AB}
	EndGlobalSection
EndGlobal
